{
  "name": "turbo-watch",
  "version": "1.0.0",
  "lockfileVersion": 3,
  "requires": true,
  "packages": {
    "": {
      "name": "turbo-watch",
      "version": "1.0.0",
      "license": "ISC",
      "workspaces": [
        "apps/*"
      ],
      "devDependencies": {
        "turbo": "^1.13.4-canary.3"
      },
      "engines": {
        "node": ">=20.9.0"
      }
    },
    "apps/client": {
      "version": "1.0.0"
    },
    "apps/server": {
      "version": "1.0.0"
    },
    "node_modules/client": {
      "resolved": "apps/client",
      "link": true
    },
    "node_modules/server": {
      "resolved": "apps/server",
      "link": true
    },
    "node_modules/turbo": {
      "version": "1.13.4-canary.3",
      "resolved": "https://registry.npmjs.org/turbo/-/turbo-1.13.4-canary.3.tgz",
      "integrity": "sha512-sDf7yE8HTBn0rgTJZGagtfc3YJ0IOvR4qUTAmFLmiJuHSodWrBlSSAZFO1YBVSbHFdqhhCZAkqojDEaeUseoaw==",
      "dev": true,
      "bin": {
        "turbo": "bin/turbo"
      },
      "optionalDependencies": {
        "turbo-darwin-64": "1.13.4-canary.3",
        "turbo-darwin-arm64": "1.13.4-canary.3",
        "turbo-linux-64": "1.13.4-canary.3",
        "turbo-linux-arm64": "1.13.4-canary.3",
        "turbo-windows-64": "1.13.4-canary.3",
        "turbo-windows-arm64": "1.13.4-canary.3"
      }
    },
    "node_modules/turbo-darwin-64": {
      "version": "1.13.4-canary.3",
      "resolved": "https://registry.npmjs.org/turbo-darwin-64/-/turbo-darwin-64-1.13.4-canary.3.tgz",
      "integrity": "sha512-cMJ7hMVfjeifV3udM5RigK1PiN5qKsWUFuBo5GEacsYcMZ9StbHUwiMIlqXgdIj0r4ANv4MRUJgn5Rrmb9ZykA==",
      "cpu": [
        "x64"
      ],
      "dev": true,
      "optional": true,
      "os": [
        "darwin"
      ]
    },
    "node_modules/turbo-darwin-arm64": {
      "version": "1.13.4-canary.3",
      "resolved": "https://registry.npmjs.org/turbo-darwin-arm64/-/turbo-darwin-arm64-1.13.4-canary.3.tgz",
      "integrity": "sha512-M7Mm1rUAzBfg9IUQjhA6srxNqEHaS4YVNibqChnSK5UZVQtLcZGYo4i0vO/JGpm9499R26ivH2JMu1880XEmHg==",
      "cpu": [
        "arm64"
      ],
      "dev": true,
      "optional": true,
      "os": [
        "darwin"
      ]
    },
    "node_modules/turbo-linux-64": {
      "version": "1.13.4-canary.3",
      "resolved": "https://registry.npmjs.org/turbo-linux-64/-/turbo-linux-64-1.13.4-canary.3.tgz",
      "integrity": "sha512-JACUzUN9xTvWqcvDhqq34Q5i329QVoiQzp9p1LcR1kU4IZfZrF1rwgqpCfglFbSYKTah9RZn2WwZPoAx+AwBAA==",
      "cpu": [
        "x64"
      ],
      "dev": true,
      "optional": true,
      "os": [
        "linux"
      ]
    },
    "node_modules/turbo-linux-arm64": {
      "version": "1.13.4-canary.3",
      "resolved": "https://registry.npmjs.org/turbo-linux-arm64/-/turbo-linux-arm64-1.13.4-canary.3.tgz",
      "integrity": "sha512-uFFRRkDnHRqhu9w6m5rzSD7igGPzeqswsYbda7D77Tdx3QukcKZ2Ux++Sg+aG1jiKcr+4YAUduBOrbUj3LWonQ==",
      "cpu": [
        "arm64"
      ],
      "dev": true,
      "optional": true,
      "os": [
        "linux"
      ]
    },
    "node_modules/turbo-windows-64": {
      "version": "1.13.4-canary.3",
      "resolved": "https://registry.npmjs.org/turbo-windows-64/-/turbo-windows-64-1.13.4-canary.3.tgz",
      "integrity": "sha512-XDESEsxCM4SXBlvjAsVxoS5g6D+gSSmizoYlNPyJh21tj86E3M8uMfySPvHen7G5BROfCt8gIoMf/NleosBC/g==",
      "cpu": [
        "x64"
      ],
      "dev": true,
      "optional": true,
      "os": [
        "win32"
      ]
    },
    "node_modules/turbo-windows-arm64": {
      "version": "1.13.4-canary.3",
      "resolved": "https://registry.npmjs.org/turbo-windows-arm64/-/turbo-windows-arm64-1.13.4-canary.3.tgz",
      "integrity": "sha512-/q2+n4YWYhNrgyU/yf7S6EJZK9zBZZEgjWdDRMmO0BEkMJCMi3KOlJaPMHDYQDZAkTytv+c6CHaiXq0aeoBGzA==",
      "cpu": [
        "arm64"
      ],
      "dev": true,
      "optional": true,
      "os": [
        "win32"
      ]
    }
  }
}
